
Microsoft Visual Studio Solution File, Format Version 12.00
# Visual Studio Version 17
VisualStudioVersion = 17.4.33213.308
MinimumVisualStudioVersion = 10.0.40219.1
Project("{9A19103F-16F7-4668-BE54-9A1E7A4F7556}") = "JoshsPomodoroTimer", "JoshsPomodoroTimer\JoshsPomodoroTimer.csproj", "{F8B22FD9-B50C-438D-A0BB-2C01A2152722}"
EndProject
Global
	GlobalSection(SolutionConfigurationPlatforms) = preSolution
		Debug|Any CPU = Debug|Any CPU
		Release|Any CPU = Release|Any CPU
	EndGlobalSection
	GlobalSection(ProjectConfigurationPlatforms) = postSolution
		{F8B22FD9-B50C-438D-A0BB-2C01A2152722}.Debug|Any CPU.ActiveCfg = Debug|Any CPU
		{F8B22FD9-B50C-438D-A0BB-2C01A2152722}.Debug|Any CPU.Build.0 = Debug|Any CPU
		{F8B22FD9-B50C-438D-A0BB-2C01A2152722}.Release|Any CPU.ActiveCfg = Release|Any CPU
		{F8B22FD9-B50C-438D-A0BB-2C01A2152722}.Release|Any CPU.Build.0 = Release|Any CPU
	EndGlobalSection
	GlobalSection(SolutionProperties) = preSolution
		HideSolutionNode = FALSE
	EndGlobalSection
	GlobalSection(ExtensibilityGlobals) = postSolution
		SolutionGuid = {7EF48062-581A-4A53-91FB-90BFB54BEA01}
	EndGlobalSection
EndGlobal
